
Microsoft Visual Studio Solution File, Format Version 12.00
# Visual Studio Version 17
VisualStudioVersion = 17.2.32526.322
MinimumVisualStudioVersion = 10.0.40219.1
Project("{9A19103F-16F7-4668-BE54-9A1E7A4F7556}") = "PSC.Blazor.Components.Clippy", "src\PSC.Blazor.Components.Clippy.csproj", "{36FD5B23-7872-4FA3-B262-BF7FDC7791F0}"
EndProject
Project("{9A19103F-16F7-4668-BE54-9A1E7A4F7556}") = "ClippyDemo.Client", "ClippyDemo\Client\ClippyDemo.Client.csproj", "{BA2A4035-0A29-4C15-81A3-44564146CDDC}"
EndProject
Project("{9A19103F-16F7-4668-BE54-9A1E7A4F7556}") = "ClippyDemo.Server", "ClippyDemo\Server\ClippyDemo.Server.csproj", "{64D004AD-D5CF-477A-B242-2BA6AC936C98}"
EndProject
Project("{9A19103F-16F7-4668-BE54-9A1E7A4F7556}") = "ClippyDemo.Shared", "ClippyDemo\Shared\ClippyDemo.Shared.csproj", "{8BD452F5-BB52-4B14-852D-EAA317E70C57}"
EndProject
Project("{2150E333-8FDC-42A3-9474-1A3956D46DE8}") = "Other files", "Other files", "{5AA4D245-C09F-40D1-A057-74CF4BF279D0}"
	ProjectSection(SolutionItems) = preProject
		azure-pipelines.yml = azure-pipelines.yml
		README.md = README.md
	EndProjectSection
EndProject
Global
	GlobalSection(SolutionConfigurationPlatforms) = preSolution
		Debug|Any CPU = Debug|Any CPU
		Release|Any CPU = Release|Any CPU
	EndGlobalSection
	GlobalSection(ProjectConfigurationPlatforms) = postSolution
		{36FD5B23-7872-4FA3-B262-BF7FDC7791F0}.Debug|Any CPU.ActiveCfg = Debug|Any CPU
		{36FD5B23-7872-4FA3-B262-BF7FDC7791F0}.Debug|Any CPU.Build.0 = Debug|Any CPU
		{36FD5B23-7872-4FA3-B262-BF7FDC7791F0}.Release|Any CPU.ActiveCfg = Release|Any CPU
		{36FD5B23-7872-4FA3-B262-BF7FDC7791F0}.Release|Any CPU.Build.0 = Release|Any CPU
		{BA2A4035-0A29-4C15-81A3-44564146CDDC}.Debug|Any CPU.ActiveCfg = Debug|Any CPU
		{BA2A4035-0A29-4C15-81A3-44564146CDDC}.Debug|Any CPU.Build.0 = Debug|Any CPU
		{BA2A4035-0A29-4C15-81A3-44564146CDDC}.Release|Any CPU.ActiveCfg = Release|Any CPU
		{BA2A4035-0A29-4C15-81A3-44564146CDDC}.Release|Any CPU.Build.0 = Release|Any CPU
		{64D004AD-D5CF-477A-B242-2BA6AC936C98}.Debug|Any CPU.ActiveCfg = Debug|Any CPU
		{64D004AD-D5CF-477A-B242-2BA6AC936C98}.Debug|Any CPU.Build.0 = Debug|Any CPU
		{64D004AD-D5CF-477A-B242-2BA6AC936C98}.Release|Any CPU.ActiveCfg = Release|Any CPU
		{64D004AD-D5CF-477A-B242-2BA6AC936C98}.Release|Any CPU.Build.0 = Release|Any CPU
		{8BD452F5-BB52-4B14-852D-EAA317E70C57}.Debug|Any CPU.ActiveCfg = Debug|Any CPU
		{8BD452F5-BB52-4B14-852D-EAA317E70C57}.Debug|Any CPU.Build.0 = Debug|Any CPU
		{8BD452F5-BB52-4B14-852D-EAA317E70C57}.Release|Any CPU.ActiveCfg = Release|Any CPU
		{8BD452F5-BB52-4B14-852D-EAA317E70C57}.Release|Any CPU.Build.0 = Release|Any CPU
	EndGlobalSection
	GlobalSection(SolutionProperties) = preSolution
		HideSolutionNode = FALSE
	EndGlobalSection
	GlobalSection(ExtensibilityGlobals) = postSolution
		SolutionGuid = {01BBF55F-BA77-48C7-96B5-29FB0C38FE63}
	EndGlobalSection
EndGlobal
